
Microsoft Visual Studio Solution File, Format Version 12.00
# Visual Studio Version 16
VisualStudioVersion = 16.0.31205.134
MinimumVisualStudioVersion = 10.0.40219.1
Project("{FAE04EC0-301F-11D3-BF4B-00C04F79EFBC}") = "RazorCurrencyConverter", "RazorCurrencyConverter\RazorCurrencyConverter.csproj", "{2EA67ACD-79E3-479C-A51B-79F413629F64}"
EndProject
Global
	GlobalSection(SolutionConfigurationPlatforms) = preSolution
		Debug|Any CPU = Debug|Any CPU
		Release|Any CPU = Release|Any CPU
	EndGlobalSection
	GlobalSection(ProjectConfigurationPlatforms) = postSolution
		{2EA67ACD-79E3-479C-A51B-79F413629F64}.Debug|Any CPU.ActiveCfg = Debug|Any CPU
		{2EA67ACD-79E3-479C-A51B-79F413629F64}.Debug|Any CPU.Build.0 = Debug|Any CPU
		{2EA67ACD-79E3-479C-A51B-79F413629F64}.Release|Any CPU.ActiveCfg = Release|Any CPU
		{2EA67ACD-79E3-479C-A51B-79F413629F64}.Release|Any CPU.Build.0 = Release|Any CPU
	EndGlobalSection
	GlobalSection(SolutionProperties) = preSolution
		HideSolutionNode = FALSE
	EndGlobalSection
	GlobalSection(ExtensibilityGlobals) = postSolution
		SolutionGuid = {9B5F6283-11F8-43C4-98A9-2538E10145A5}
	EndGlobalSection
EndGlobal
